
Microsoft Visual Studio Solution File, Format Version 12.00
# Visual Studio Version 16
VisualStudioVersion = 16.0.30711.63
MinimumVisualStudioVersion = 10.0.40219.1
Project("{9A19103F-16F7-4668-BE54-9A1E7A4F7556}") = "EdgarAguasvivasPrueba", "EdgarAguasvivasPrueba\EdgarAguasvivasPrueba.csproj", "{7CAEB66D-7996-426D-9BE5-03412196F242}"
EndProject
Global
	GlobalSection(SolutionConfigurationPlatforms) = preSolution
		Debug|Any CPU = Debug|Any CPU
		Release|Any CPU = Release|Any CPU
	EndGlobalSection
	GlobalSection(ProjectConfigurationPlatforms) = postSolution
		{7CAEB66D-7996-426D-9BE5-03412196F242}.Debug|Any CPU.ActiveCfg = Debug|Any CPU
		{7CAEB66D-7996-426D-9BE5-03412196F242}.Debug|Any CPU.Build.0 = Debug|Any CPU
		{7CAEB66D-7996-426D-9BE5-03412196F242}.Release|Any CPU.ActiveCfg = Release|Any CPU
		{7CAEB66D-7996-426D-9BE5-03412196F242}.Release|Any CPU.Build.0 = Release|Any CPU
	EndGlobalSection
	GlobalSection(SolutionProperties) = preSolution
		HideSolutionNode = FALSE
	EndGlobalSection
	GlobalSection(ExtensibilityGlobals) = postSolution
		SolutionGuid = {20989C73-B59F-4E45-94CB-DA26B49E9068}
	EndGlobalSection
EndGlobal
